schema: '2.0'
stages:
  AddData:
    cmd: zntrack run ipsuite.data_loading.add_data_ase.AddData --name AddData
    deps:
    - path: etoh.traj
      hash: md5
      md5: fa8bbe8feee9549b6a222b27f15ab4eb
      size: 1842433
    params:
      params.yaml:
        AddData:
          lines_to_read:
    outs:
    - path: nodes/AddData/frames.h5
      hash: md5
      md5: d30459d8b091a0e8a4113700968b86ba
      size: 1083296
    - path: nodes/AddData/node-meta.json
      hash: md5
      md5: 0e64eef2866ae0581a0b19c61ecf3bcb
      size: 64
  RandomSelection:
    cmd: zntrack run ipsuite.configuration_selection.random.RandomSelection --name
      RandomSelection
    deps:
    - path: nodes/AddData/frames.h5
      hash: md5
      md5: d30459d8b091a0e8a4113700968b86ba
      size: 1083296
    params:
      params.yaml:
        RandomSelection:
          n_configurations: 500
          seed: 1234
    outs:
    - path: nodes/RandomSelection/node-meta.json
      hash: md5
      md5: a7211f453d597908e5580681bee411b4
      size: 64
    - path: nodes/RandomSelection/selected_ids.json
      hash: md5
      md5: ab34436483212b3ff74b2d2fccd16047
      size: 2640
    - path: nodes/RandomSelection/selection.png
      hash: md5
      md5: ae18ad912efbbee618023f3fb9633b00
      size: 53683
